id: oot_multiplyconf
label: multiplyconf
category: '[oot]'

templates:
  imports: import oot
  make: oot.multiplyconf(${m})

parameters:
- id: m
  label: Multiplier
  dtype: float
  default: '1.0'

inputs:
- label: inSig
  domain: stream
  dtype: float
#  vlen: ...
#  optional: ...

outputs:
- label: outSig
  domain: stream
  dtype: float
#  vlen: ...
#  optional: ...

file_format: 1
